
Microsoft Visual Studio Solution File, Format Version 12.00
# Visual Studio Version 16
VisualStudioVersion = 16.0.29806.167
MinimumVisualStudioVersion = 10.0.40219.1
Project("{9A19103F-16F7-4668-BE54-9A1E7A4F7556}") = "test", "test\test.csproj", "{350DA79C-26F4-41C8-AEB7-A04E3703EF59}"
EndProject
Project("{9A19103F-16F7-4668-BE54-9A1E7A4F7556}") = "switch ver7", "switch ver7\switch ver7.csproj", "{E6938FA4-2AC3-4DD1-BFCC-60128101C752}"
EndProject
Project("{9A19103F-16F7-4668-BE54-9A1E7A4F7556}") = "array", "array\array.csproj", "{766FC03D-90E4-4686-8892-DDA804D13FEB}"
EndProject
Project("{9A19103F-16F7-4668-BE54-9A1E7A4F7556}") = "Random", "Random\Random.csproj", "{A0677419-C269-4C4C-9440-1DB3938FDDF1}"
EndProject
Project("{9A19103F-16F7-4668-BE54-9A1E7A4F7556}") = "StringBuilder", "StringBuilder\StringBuilder.csproj", "{BD5D3FCD-E449-4503-A471-CDA9F07D7F4E}"
EndProject
Project("{9A19103F-16F7-4668-BE54-9A1E7A4F7556}") = "Fields", "Fields\Fields.csproj", "{FD7597DC-97C5-4375-BA5C-449CC44FA7A5}"
EndProject
Project("{FAE04EC0-301F-11D3-BF4B-00C04F79EFBC}") = "Static", "Static\Static.csproj", "{242330B9-23FE-4F44-8FD6-625075B841D2}"
EndProject
Global
	GlobalSection(SolutionConfigurationPlatforms) = preSolution
		Debug|Any CPU = Debug|Any CPU
		Release|Any CPU = Release|Any CPU
	EndGlobalSection
	GlobalSection(ProjectConfigurationPlatforms) = postSolution
		{350DA79C-26F4-41C8-AEB7-A04E3703EF59}.Debug|Any CPU.ActiveCfg = Debug|Any CPU
		{350DA79C-26F4-41C8-AEB7-A04E3703EF59}.Debug|Any CPU.Build.0 = Debug|Any CPU
		{350DA79C-26F4-41C8-AEB7-A04E3703EF59}.Release|Any CPU.ActiveCfg = Release|Any CPU
		{350DA79C-26F4-41C8-AEB7-A04E3703EF59}.Release|Any CPU.Build.0 = Release|Any CPU
		{E6938FA4-2AC3-4DD1-BFCC-60128101C752}.Debug|Any CPU.ActiveCfg = Debug|Any CPU
		{E6938FA4-2AC3-4DD1-BFCC-60128101C752}.Debug|Any CPU.Build.0 = Debug|Any CPU
		{E6938FA4-2AC3-4DD1-BFCC-60128101C752}.Release|Any CPU.ActiveCfg = Release|Any CPU
		{E6938FA4-2AC3-4DD1-BFCC-60128101C752}.Release|Any CPU.Build.0 = Release|Any CPU
		{766FC03D-90E4-4686-8892-DDA804D13FEB}.Debug|Any CPU.ActiveCfg = Debug|Any CPU
		{766FC03D-90E4-4686-8892-DDA804D13FEB}.Debug|Any CPU.Build.0 = Debug|Any CPU
		{766FC03D-90E4-4686-8892-DDA804D13FEB}.Release|Any CPU.ActiveCfg = Release|Any CPU
		{766FC03D-90E4-4686-8892-DDA804D13FEB}.Release|Any CPU.Build.0 = Release|Any CPU
		{A0677419-C269-4C4C-9440-1DB3938FDDF1}.Debug|Any CPU.ActiveCfg = Debug|Any CPU
		{A0677419-C269-4C4C-9440-1DB3938FDDF1}.Debug|Any CPU.Build.0 = Debug|Any CPU
		{A0677419-C269-4C4C-9440-1DB3938FDDF1}.Release|Any CPU.ActiveCfg = Release|Any CPU
		{A0677419-C269-4C4C-9440-1DB3938FDDF1}.Release|Any CPU.Build.0 = Release|Any CPU
		{BD5D3FCD-E449-4503-A471-CDA9F07D7F4E}.Debug|Any CPU.ActiveCfg = Debug|Any CPU
		{BD5D3FCD-E449-4503-A471-CDA9F07D7F4E}.Debug|Any CPU.Build.0 = Debug|Any CPU
		{BD5D3FCD-E449-4503-A471-CDA9F07D7F4E}.Release|Any CPU.ActiveCfg = Release|Any CPU
		{BD5D3FCD-E449-4503-A471-CDA9F07D7F4E}.Release|Any CPU.Build.0 = Release|Any CPU
		{FD7597DC-97C5-4375-BA5C-449CC44FA7A5}.Debug|Any CPU.ActiveCfg = Debug|Any CPU
		{FD7597DC-97C5-4375-BA5C-449CC44FA7A5}.Debug|Any CPU.Build.0 = Debug|Any CPU
		{FD7597DC-97C5-4375-BA5C-449CC44FA7A5}.Release|Any CPU.ActiveCfg = Release|Any CPU
		{FD7597DC-97C5-4375-BA5C-449CC44FA7A5}.Release|Any CPU.Build.0 = Release|Any CPU
		{242330B9-23FE-4F44-8FD6-625075B841D2}.Debug|Any CPU.ActiveCfg = Debug|Any CPU
		{242330B9-23FE-4F44-8FD6-625075B841D2}.Debug|Any CPU.Build.0 = Debug|Any CPU
		{242330B9-23FE-4F44-8FD6-625075B841D2}.Release|Any CPU.ActiveCfg = Release|Any CPU
		{242330B9-23FE-4F44-8FD6-625075B841D2}.Release|Any CPU.Build.0 = Release|Any CPU
	EndGlobalSection
	GlobalSection(SolutionProperties) = preSolution
		HideSolutionNode = FALSE
	EndGlobalSection
	GlobalSection(ExtensibilityGlobals) = postSolution
		SolutionGuid = {CB4B0893-122E-4653-91AF-4CD206CBC7B1}
	EndGlobalSection
EndGlobal
